---
- name: 파일에 여러줄 추가 예제 
  hosts: all
  gather_facts: no 
  tasks:
   - name: 파일에 여러줄 추가 - /home/devops/users.txt
      blockinfile:
      path: /home/devops/user.txt
      block: 
        This block of text consists of two lines.
        They have been added by the blockinfile module.
      state: present 
